
Microsoft Visual Studio Solution File, Format Version 12.00
# Visual Studio Version 16
VisualStudioVersion = 25.0.1704.3
MinimumVisualStudioVersion = 10.0.40219.1
Project("{FAE04EC0-301F-11D3-BF4B-00C04F79EFBC}") = "Datastructures", "Datastructures\Datastructures.csproj", "{C117B7A3-90C9-404C-A4A7-18E4FD389A66}"
EndProject
Global
	GlobalSection(SolutionConfigurationPlatforms) = preSolution
		Debug|Any CPU = Debug|Any CPU
		Release|Any CPU = Release|Any CPU
	EndGlobalSection
	GlobalSection(ProjectConfigurationPlatforms) = postSolution
		{C117B7A3-90C9-404C-A4A7-18E4FD389A66}.Debug|Any CPU.ActiveCfg = Debug|Any CPU
		{C117B7A3-90C9-404C-A4A7-18E4FD389A66}.Debug|Any CPU.Build.0 = Debug|Any CPU
		{C117B7A3-90C9-404C-A4A7-18E4FD389A66}.Release|Any CPU.ActiveCfg = Release|Any CPU
		{C117B7A3-90C9-404C-A4A7-18E4FD389A66}.Release|Any CPU.Build.0 = Release|Any CPU
	EndGlobalSection
	GlobalSection(SolutionProperties) = preSolution
		HideSolutionNode = FALSE
	EndGlobalSection
	GlobalSection(ExtensibilityGlobals) = postSolution
		SolutionGuid = {74232014-322A-44C7-A211-FE2906DA3189}
	EndGlobalSection
EndGlobal
